
Microsoft Visual Studio Solution File, Format Version 12.00
# Visual Studio Version 17
VisualStudioVersion = 17.14.36930.0
MinimumVisualStudioVersion = 10.0.40219.1
Project("{FAE04EC0-301F-11D3-BF4B-00C04F79EFBC}") = "Domain", "Domain\Domain.csproj", "{3FB79493-8B5F-497A-B705-437F5CBD6D8F}"
EndProject
Project("{FAE04EC0-301F-11D3-BF4B-00C04F79EFBC}") = "Aplicacion", "Aplicacion\Aplicacion.csproj", "{FB12AA06-3B75-442E-9EBB-7EC6082C85FB}"
EndProject
Project("{FAE04EC0-301F-11D3-BF4B-00C04F79EFBC}") = "infraestructura", "infraestructura\infraestructura.csproj", "{8FF661BD-A4C2-4D36-A652-21C54B3E9236}"
EndProject
Project("{FAE04EC0-301F-11D3-BF4B-00C04F79EFBC}") = "API", "API\API.csproj", "{74F3C014-7582-4E62-8C8C-55497D3E49A9}"
EndProject
Project("{FAE04EC0-301F-11D3-BF4B-00C04F79EFBC}") = "InterfazDeskTop", "InterfazDeskTop\InterfazDeskTop.csproj", "{C694F4DC-D2A1-46E6-B115-49323AD21F51}"
EndProject
Global
	GlobalSection(SolutionConfigurationPlatforms) = preSolution
		Debug|Any CPU = Debug|Any CPU
		Release|Any CPU = Release|Any CPU
	EndGlobalSection
	GlobalSection(ProjectConfigurationPlatforms) = postSolution
		{3FB79493-8B5F-497A-B705-437F5CBD6D8F}.Debug|Any CPU.ActiveCfg = Debug|Any CPU
		{3FB79493-8B5F-497A-B705-437F5CBD6D8F}.Debug|Any CPU.Build.0 = Debug|Any CPU
		{3FB79493-8B5F-497A-B705-437F5CBD6D8F}.Release|Any CPU.ActiveCfg = Release|Any CPU
		{3FB79493-8B5F-497A-B705-437F5CBD6D8F}.Release|Any CPU.Build.0 = Release|Any CPU
		{FB12AA06-3B75-442E-9EBB-7EC6082C85FB}.Debug|Any CPU.ActiveCfg = Debug|Any CPU
		{FB12AA06-3B75-442E-9EBB-7EC6082C85FB}.Debug|Any CPU.Build.0 = Debug|Any CPU
		{FB12AA06-3B75-442E-9EBB-7EC6082C85FB}.Release|Any CPU.ActiveCfg = Release|Any CPU
		{FB12AA06-3B75-442E-9EBB-7EC6082C85FB}.Release|Any CPU.Build.0 = Release|Any CPU
		{8FF661BD-A4C2-4D36-A652-21C54B3E9236}.Debug|Any CPU.ActiveCfg = Debug|Any CPU
		{8FF661BD-A4C2-4D36-A652-21C54B3E9236}.Debug|Any CPU.Build.0 = Debug|Any CPU
		{8FF661BD-A4C2-4D36-A652-21C54B3E9236}.Release|Any CPU.ActiveCfg = Release|Any CPU
		{8FF661BD-A4C2-4D36-A652-21C54B3E9236}.Release|Any CPU.Build.0 = Release|Any CPU
		{74F3C014-7582-4E62-8C8C-55497D3E49A9}.Debug|Any CPU.ActiveCfg = Debug|Any CPU
		{74F3C014-7582-4E62-8C8C-55497D3E49A9}.Debug|Any CPU.Build.0 = Debug|Any CPU
		{74F3C014-7582-4E62-8C8C-55497D3E49A9}.Release|Any CPU.ActiveCfg = Release|Any CPU
		{74F3C014-7582-4E62-8C8C-55497D3E49A9}.Release|Any CPU.Build.0 = Release|Any CPU
		{C694F4DC-D2A1-46E6-B115-49323AD21F51}.Debug|Any CPU.ActiveCfg = Debug|Any CPU
		{C694F4DC-D2A1-46E6-B115-49323AD21F51}.Debug|Any CPU.Build.0 = Debug|Any CPU
		{C694F4DC-D2A1-46E6-B115-49323AD21F51}.Release|Any CPU.ActiveCfg = Release|Any CPU
		{C694F4DC-D2A1-46E6-B115-49323AD21F51}.Release|Any CPU.Build.0 = Release|Any CPU
	EndGlobalSection
	GlobalSection(SolutionProperties) = preSolution
		HideSolutionNode = FALSE
	EndGlobalSection
	GlobalSection(ExtensibilityGlobals) = postSolution
		SolutionGuid = {C84C5226-008D-4C6F-B5FA-7F78A667A2B7}
	EndGlobalSection
EndGlobal
